
Microsoft Visual Studio Solution File, Format Version 12.00
# Visual Studio Version 17
VisualStudioVersion = 17.8.34330.188
MinimumVisualStudioVersion = 10.0.40219.1
Project("{FAE04EC0-301F-11D3-BF4B-00C04F79EFBC}") = "Factory_Pattern", "Factory_Pattern.csproj", "{27F08EBA-4095-4F99-A752-284736543D5D}"
EndProject
Global
	GlobalSection(SolutionConfigurationPlatforms) = preSolution
		Debug|Any CPU = Debug|Any CPU
		Release|Any CPU = Release|Any CPU
	EndGlobalSection
	GlobalSection(ProjectConfigurationPlatforms) = postSolution
		{27F08EBA-4095-4F99-A752-284736543D5D}.Debug|Any CPU.ActiveCfg = Debug|Any CPU
		{27F08EBA-4095-4F99-A752-284736543D5D}.Debug|Any CPU.Build.0 = Debug|Any CPU
		{27F08EBA-4095-4F99-A752-284736543D5D}.Release|Any CPU.ActiveCfg = Release|Any CPU
		{27F08EBA-4095-4F99-A752-284736543D5D}.Release|Any CPU.Build.0 = Release|Any CPU
	EndGlobalSection
	GlobalSection(SolutionProperties) = preSolution
		HideSolutionNode = FALSE
	EndGlobalSection
	GlobalSection(ExtensibilityGlobals) = postSolution
		SolutionGuid = {DC23AB53-645E-48C0-B89E-BF45D0432C6C}
	EndGlobalSection
EndGlobal
